// !$*UTF8*$!
{
	archiveVersion = 1;
	classes = {
	};
	objectVersion = 50;
	objects = {

/* Begin PBXBuildFile section */
		08D417ED41AD976D27B0133B /* Pods_EnglishWordsUITests.framework in Frameworks */ = {isa = PBXBuildFile; fileRef = 729C0DA009376C4EB7A27A7B /* Pods_EnglishWordsUITests.framework */; };
		243B0D172225788A0097B0FA /* AddWordFromWebViewController.swift in Sources */ = {isa = PBXBuildFile; fileRef = 243B0D162225788A0097B0FA /* AddWordFromWebViewController.swift */; };
		243D265721F8B5C5004719A3 /* ConfigureWordNoteBookViewController.swift in Sources */ = {isa = PBXBuildFile; fileRef = 243D265621F8B5C5004719A3 /* ConfigureWordNoteBookViewController.swift */; };
		243D265921FDF34D004719A3 /* AddPartsofSpeechViewController.swift in Sources */ = {isa = PBXBuildFile; fileRef = 243D265821FDF34D004719A3 /* AddPartsofSpeechViewController.swift */; };
		243D265B21FF2D5B004719A3 /* PartsofSpeech.swift in Sources */ = {isa = PBXBuildFile; fileRef = 243D265A21FF2D5B004719A3 /* PartsofSpeech.swift */; };
		243D265D21FF375E004719A3 /* AddWordViewController.swift in Sources */ = {isa = PBXBuildFile; fileRef = 243D265C21FF375E004719A3 /* AddWordViewController.swift */; };
		243D265F22007455004719A3 /* DictionaryViewController.swift in Sources */ = {isa = PBXBuildFile; fileRef = 243D265E22007455004719A3 /* DictionaryViewController.swift */; };
		243D26612206A605004719A3 /* ConfigureWordViewController.swift in Sources */ = {isa = PBXBuildFile; fileRef = 243D26602206A605004719A3 /* ConfigureWordViewController.swift */; };
		243D26632209D75A004719A3 /* ConfigureMeanViewController.swift in Sources */ = {isa = PBXBuildFile; fileRef = 243D26622209D75A004719A3 /* ConfigureMeanViewController.swift */; };
		24422F2E22354CC4005BF6CE /* Source.swift in Sources */ = {isa = PBXBuildFile; fileRef = 24422F2D22354CC4005BF6CE /* Source.swift */; };
		24422F3022392CE4005BF6CE /* AddSourceViewController.swift in Sources */ = {isa = PBXBuildFile; fileRef = 24422F2F22392CE4005BF6CE /* AddSourceViewController.swift */; };
		244234CB22D393F10029EC10 /* FourOptionTestOfWordNoteViewController.swift in Sources */ = {isa = PBXBuildFile; fileRef = 244234CA22D393F10029EC10 /* FourOptionTestOfWordNoteViewController.swift */; };
		2493D965235225D200651150 /* AlertAction.swift in Sources */ = {isa = PBXBuildFile; fileRef = 2493D964235225D200651150 /* AlertAction.swift */; };
		249D791822831F1F003496CD /* SearchWordViewController.swift in Sources */ = {isa = PBXBuildFile; fileRef = 249D791722831F1F003496CD /* SearchWordViewController.swift */; };
		249D791A228853EA003496CD /* SearchResultViewController.swift in Sources */ = {isa = PBXBuildFile; fileRef = 249D7919228853EA003496CD /* SearchResultViewController.swift */; };
		249D791C228E22C2003496CD /* ConfigureTestOfWordNoteBookViewController.swift in Sources */ = {isa = PBXBuildFile; fileRef = 249D791B228E22C2003496CD /* ConfigureTestOfWordNoteBookViewController.swift */; };
		249D791E22903E28003496CD /* TestOfWordNoteBookViewController.swift in Sources */ = {isa = PBXBuildFile; fileRef = 249D791D22903E28003496CD /* TestOfWordNoteBookViewController.swift */; };
		24A4572821EF6445002048A0 /* WordNoteBook.swift in Sources */ = {isa = PBXBuildFile; fileRef = 24A4572721EF6445002048A0 /* WordNoteBook.swift */; };
		24A4573321EF7548002048A0 /* Realm.framework in Frameworks */ = {isa = PBXBuildFile; fileRef = 24A4573221EF7548002048A0 /* Realm.framework */; };
		24A4573421EF7548002048A0 /* Realm.framework in Embed Frameworks */ = {isa = PBXBuildFile; fileRef = 24A4573221EF7548002048A0 /* Realm.framework */; settings = {ATTRIBUTES = (CodeSignOnCopy, RemoveHeadersOnCopy, ); }; };
		24A4573721EF7554002048A0 /* RealmSwift.framework in Frameworks */ = {isa = PBXBuildFile; fileRef = 24A4573621EF7554002048A0 /* RealmSwift.framework */; };
		24A4573821EF7554002048A0 /* RealmSwift.framework in Embed Frameworks */ = {isa = PBXBuildFile; fileRef = 24A4573621EF7554002048A0 /* RealmSwift.framework */; settings = {ATTRIBUTES = (CodeSignOnCopy, RemoveHeadersOnCopy, ); }; };
		24A4573B21EF77CF002048A0 /* Word.swift in Sources */ = {isa = PBXBuildFile; fileRef = 24A4573A21EF77CF002048A0 /* Word.swift */; };
		24A4573D21F0BE94002048A0 /* WordData.swift in Sources */ = {isa = PBXBuildFile; fileRef = 24A4573C21F0BE94002048A0 /* WordData.swift */; };
		24A4574121F0C148002048A0 /* WordNote.swift in Sources */ = {isa = PBXBuildFile; fileRef = 24A4574021F0C148002048A0 /* WordNote.swift */; };
		24A4574421F2D45A002048A0 /* AddWordNoteBookViewController.swift in Sources */ = {isa = PBXBuildFile; fileRef = 24A4574321F2D45A002048A0 /* AddWordNoteBookViewController.swift */; };
		24EA74AA22CA330F00BFF56D /* OptionConfigureWordNoteViewController.swift in Sources */ = {isa = PBXBuildFile; fileRef = 24EA74A922CA330F00BFF56D /* OptionConfigureWordNoteViewController.swift */; };
		24F2B4E7214E7C29009AA57C /* AppDelegate.swift in Sources */ = {isa = PBXBuildFile; fileRef = 24F2B4E6214E7C29009AA57C /* AppDelegate.swift */; };
		24F2B4E9214E7C29009AA57C /* ViewController.swift in Sources */ = {isa = PBXBuildFile; fileRef = 24F2B4E8214E7C29009AA57C /* ViewController.swift */; };
		24F2B4EC214E7C29009AA57C /* Main.storyboard in Resources */ = {isa = PBXBuildFile; fileRef = 24F2B4EA214E7C29009AA57C /* Main.storyboard */; };
		24F2B4EE214E7C2B009AA57C /* Assets.xcassets in Resources */ = {isa = PBXBuildFile; fileRef = 24F2B4ED214E7C2B009AA57C /* Assets.xcassets */; };
		24F2B4F1214E7C2B009AA57C /* LaunchScreen.storyboard in Resources */ = {isa = PBXBuildFile; fileRef = 24F2B4EF214E7C2B009AA57C /* LaunchScreen.storyboard */; };
		24F2B4FC214E7C2B009AA57C /* EnglishWordsTests.swift in Sources */ = {isa = PBXBuildFile; fileRef = 24F2B4FB214E7C2B009AA57C /* EnglishWordsTests.swift */; };
		24F2B507214E7C2B009AA57C /* EnglishWordsUITests.swift in Sources */ = {isa = PBXBuildFile; fileRef = 24F2B506214E7C2B009AA57C /* EnglishWordsUITests.swift */; };
		823E7B5CFBCBEC8305CD326F /* Pods_EnglishWordsTests.framework in Frameworks */ = {isa = PBXBuildFile; fileRef = EA974FA07160AC5AA03ED8B8 /* Pods_EnglishWordsTests.framework */; };
		E196CCCDBC078645AE9EF6F9 /* Pods_EnglishWords.framework in Frameworks */ = {isa = PBXBuildFile; fileRef = FF6955C7F5B575D62D266CFD /* Pods_EnglishWords.framework */; };
/* End PBXBuildFile section */

/* Begin PBXContainerItemProxy section */
		24F2B4F8214E7C2B009AA57C /* PBXContainerItemProxy */ = {
			isa = PBXContainerItemProxy;
			containerPortal = 24F2B4DB214E7C29009AA57C /* Project object */;
			proxyType = 1;
			remoteGlobalIDString = 24F2B4E2214E7C29009AA57C;
			remoteInfo = EnglishWords;
		};
		24F2B503214E7C2B009AA57C /* PBXContainerItemProxy */ = {
			isa = PBXContainerItemProxy;
			containerPortal = 24F2B4DB214E7C29009AA57C /* Project object */;
			proxyType = 1;
			remoteGlobalIDString = 24F2B4E2214E7C29009AA57C;
			remoteInfo = EnglishWords;
		};
/* End PBXContainerItemProxy section */

/* Begin PBXCopyFilesBuildPhase section */
		24A4573521EF7548002048A0 /* Embed Frameworks */ = {
			isa = PBXCopyFilesBuildPhase;
			buildActionMask = 2147483647;
			dstPath = "";
			dstSubfolderSpec = 10;
			files = (
				24A4573821EF7554002048A0 /* RealmSwift.framework in Embed Frameworks */,
				24A4573421EF7548002048A0 /* Realm.framework in Embed Frameworks */,
			);
			name = "Embed Frameworks";
			runOnlyForDeploymentPostprocessing = 0;
		};
/* End PBXCopyFilesBuildPhase section */

/* Begin PBXFileReference section */
		1B5169F914E65C70345504BD /* Pods-EnglishWordsTests.debug.xcconfig */ = {isa = PBXFileReference; includeInIndex = 1; lastKnownFileType = text.xcconfig; name = "Pods-EnglishWordsTests.debug.xcconfig"; path = "Pods/Target Support Files/Pods-EnglishWordsTests/Pods-EnglishWordsTests.debug.xcconfig"; sourceTree = "<group>"; };
		243B0D162225788A0097B0FA /* AddWordFromWebViewController.swift */ = {isa = PBXFileReference; lastKnownFileType = sourcecode.swift; path = AddWordFromWebViewController.swift; sourceTree = "<group>"; };
		243D265621F8B5C5004719A3 /* ConfigureWordNoteBookViewController.swift */ = {isa = PBXFileReference; lastKnownFileType = sourcecode.swift; path = ConfigureWordNoteBookViewController.swift; sourceTree = "<group>"; };
		243D265821FDF34D004719A3 /* AddPartsofSpeechViewController.swift */ = {isa = PBXFileReference; lastKnownFileType = sourcecode.swift; path = AddPartsofSpeechViewController.swift; sourceTree = "<group>"; };
		243D265A21FF2D5B004719A3 /* PartsofSpeech.swift */ = {isa = PBXFileReference; lastKnownFileType = sourcecode.swift; path = PartsofSpeech.swift; sourceTree = "<group>"; };
		243D265C21FF375E004719A3 /* AddWordViewController.swift */ = {isa = PBXFileReference; lastKnownFileType = sourcecode.swift; path = AddWordViewController.swift; sourceTree = "<group>"; };
		243D265E22007455004719A3 /* DictionaryViewController.swift */ = {isa = PBXFileReference; lastKnownFileType = sourcecode.swift; path = DictionaryViewController.swift; sourceTree = "<group>"; };
		243D26602206A605004719A3 /* ConfigureWordViewController.swift */ = {isa = PBXFileReference; lastKnownFileType = sourcecode.swift; path = ConfigureWordViewController.swift; sourceTree = "<group>"; };
		243D26622209D75A004719A3 /* ConfigureMeanViewController.swift */ = {isa = PBXFileReference; lastKnownFileType = sourcecode.swift; path = ConfigureMeanViewController.swift; sourceTree = "<group>"; };
		24422F2D22354CC4005BF6CE /* Source.swift */ = {isa = PBXFileReference; lastKnownFileType = sourcecode.swift; path = Source.swift; sourceTree = "<group>"; };
		24422F2F22392CE4005BF6CE /* AddSourceViewController.swift */ = {isa = PBXFileReference; lastKnownFileType = sourcecode.swift; path = AddSourceViewController.swift; sourceTree = "<group>"; };
		244234CA22D393F10029EC10 /* FourOptionTestOfWordNoteViewController.swift */ = {isa = PBXFileReference; lastKnownFileType = sourcecode.swift; path = FourOptionTestOfWordNoteViewController.swift; sourceTree = "<group>"; };
		2493D964235225D200651150 /* AlertAction.swift */ = {isa = PBXFileReference; lastKnownFileType = sourcecode.swift; path = AlertAction.swift; sourceTree = "<group>"; };
		249D791722831F1F003496CD /* SearchWordViewController.swift */ = {isa = PBXFileReference; lastKnownFileType = sourcecode.swift; path = SearchWordViewController.swift; sourceTree = "<group>"; };
		249D7919228853EA003496CD /* SearchResultViewController.swift */ = {isa = PBXFileReference; lastKnownFileType = sourcecode.swift; path = SearchResultViewController.swift; sourceTree = "<group>"; };
		249D791B228E22C2003496CD /* ConfigureTestOfWordNoteBookViewController.swift */ = {isa = PBXFileReference; lastKnownFileType = sourcecode.swift; path = ConfigureTestOfWordNoteBookViewController.swift; sourceTree = "<group>"; };
		249D791D22903E28003496CD /* TestOfWordNoteBookViewController.swift */ = {isa = PBXFileReference; lastKnownFileType = sourcecode.swift; path = TestOfWordNoteBookViewController.swift; sourceTree = "<group>"; };
		24A4572721EF6445002048A0 /* WordNoteBook.swift */ = {isa = PBXFileReference; lastKnownFileType = sourcecode.swift; path = WordNoteBook.swift; sourceTree = "<group>"; };
		24A4573221EF7548002048A0 /* Realm.framework */ = {isa = PBXFileReference; lastKnownFileType = wrapper.framework; path = Realm.framework; sourceTree = "<group>"; };
		24A4573621EF7554002048A0 /* RealmSwift.framework */ = {isa = PBXFileReference; lastKnownFileType = wrapper.framework; path = RealmSwift.framework; sourceTree = "<group>"; };
		24A4573A21EF77CF002048A0 /* Word.swift */ = {isa = PBXFileReference; lastKnownFileType = sourcecode.swift; path = Word.swift; sourceTree = "<group>"; };
		24A4573C21F0BE94002048A0 /* WordData.swift */ = {isa = PBXFileReference; lastKnownFileType = sourcecode.swift; path = WordData.swift; sourceTree = "<group>"; };
		24A4574021F0C148002048A0 /* WordNote.swift */ = {isa = PBXFileReference; lastKnownFileType = sourcecode.swift; path = WordNote.swift; sourceTree = "<group>"; };
		24A4574321F2D45A002048A0 /* AddWordNoteBookViewController.swift */ = {isa = PBXFileReference; lastKnownFileType = sourcecode.swift; path = AddWordNoteBookViewController.swift; sourceTree = "<group>"; };
		24EA74A922CA330F00BFF56D /* OptionConfigureWordNoteViewController.swift */ = {isa = PBXFileReference; lastKnownFileType = sourcecode.swift; path = OptionConfigureWordNoteViewController.swift; sourceTree = "<group>"; };
		24F2B4E3214E7C29009AA57C /* EnglishWords.app */ = {isa = PBXFileReference; explicitFileType = wrapper.application; includeInIndex = 0; path = EnglishWords.app; sourceTree = BUILT_PRODUCTS_DIR; };
		24F2B4E6214E7C29009AA57C /* AppDelegate.swift */ = {isa = PBXFileReference; lastKnownFileType = sourcecode.swift; path = AppDelegate.swift; sourceTree = "<group>"; };
		24F2B4E8214E7C29009AA57C /* ViewController.swift */ = {isa = PBXFileReference; lastKnownFileType = sourcecode.swift; path = ViewController.swift; sourceTree = "<group>"; };
		24F2B4EB214E7C29009AA57C /* Base */ = {isa = PBXFileReference; lastKnownFileType = file.storyboard; name = Base; path = Base.lproj/Main.storyboard; sourceTree = "<group>"; };
		24F2B4ED214E7C2B009AA57C /* Assets.xcassets */ = {isa = PBXFileReference; lastKnownFileType = folder.assetcatalog; path = Assets.xcassets; sourceTree = "<group>"; };
		24F2B4F0214E7C2B009AA57C /* Base */ = {isa = PBXFileReference; lastKnownFileType = file.storyboard; name = Base; path = Base.lproj/LaunchScreen.storyboard; sourceTree = "<group>"; };
		24F2B4F2214E7C2B009AA57C /* Info.plist */ = {isa = PBXFileReference; lastKnownFileType = text.plist.xml; path = Info.plist; sourceTree = "<group>"; };
		24F2B4F7214E7C2B009AA57C /* EnglishWordsTests.xctest */ = {isa = PBXFileReference; explicitFileType = wrapper.cfbundle; includeInIndex = 0; path = EnglishWordsTests.xctest; sourceTree = BUILT_PRODUCTS_DIR; };
		24F2B4FB214E7C2B009AA57C /* EnglishWordsTests.swift */ = {isa = PBXFileReference; lastKnownFileType = sourcecode.swift; path = EnglishWordsTests.swift; sourceTree = "<group>"; };
		24F2B4FD214E7C2B009AA57C /* Info.plist */ = {isa = PBXFileReference; lastKnownFileType = text.plist.xml; path = Info.plist; sourceTree = "<group>"; };
		24F2B502214E7C2B009AA57C /* EnglishWordsUITests.xctest */ = {isa = PBXFileReference; explicitFileType = wrapper.cfbundle; includeInIndex = 0; path = EnglishWordsUITests.xctest; sourceTree = BUILT_PRODUCTS_DIR; };
		24F2B506214E7C2B009AA57C /* EnglishWordsUITests.swift */ = {isa = PBXFileReference; lastKnownFileType = sourcecode.swift; path = EnglishWordsUITests.swift; sourceTree = "<group>"; };
		24F2B508214E7C2B009AA57C /* Info.plist */ = {isa = PBXFileReference; lastKnownFileType = text.plist.xml; path = Info.plist; sourceTree = "<group>"; };
		6DD3AC23FBE00A05BD6C4DDB /* Pods-EnglishWordsUITests.release.xcconfig */ = {isa = PBXFileReference; includeInIndex = 1; lastKnownFileType = text.xcconfig; name = "Pods-EnglishWordsUITests.release.xcconfig"; path = "Pods/Target Support Files/Pods-EnglishWordsUITests/Pods-EnglishWordsUITests.release.xcconfig"; sourceTree = "<group>"; };
		729C0DA009376C4EB7A27A7B /* Pods_EnglishWordsUITests.framework */ = {isa = PBXFileReference; explicitFileType = wrapper.framework; includeInIndex = 0; path = Pods_EnglishWordsUITests.framework; sourceTree = BUILT_PRODUCTS_DIR; };
		7587EA93209069544F58032B /* Pods-EnglishWords.debug.xcconfig */ = {isa = PBXFileReference; includeInIndex = 1; lastKnownFileType = text.xcconfig; name = "Pods-EnglishWords.debug.xcconfig"; path = "Pods/Target Support Files/Pods-EnglishWords/Pods-EnglishWords.debug.xcconfig"; sourceTree = "<group>"; };
		764B0292039C250B97AA6FF8 /* Pods-EnglishWordsTests.release.xcconfig */ = {isa = PBXFileReference; includeInIndex = 1; lastKnownFileType = text.xcconfig; name = "Pods-EnglishWordsTests.release.xcconfig"; path = "Pods/Target Support Files/Pods-EnglishWordsTests/Pods-EnglishWordsTests.release.xcconfig"; sourceTree = "<group>"; };
		E059E0E2B09DEFB9EB97729B /* Pods-EnglishWords.release.xcconfig */ = {isa = PBXFileReference; includeInIndex = 1; lastKnownFileType = text.xcconfig; name = "Pods-EnglishWords.release.xcconfig"; path = "Pods/Target Support Files/Pods-EnglishWords/Pods-EnglishWords.release.xcconfig"; sourceTree = "<group>"; };
		EA974FA07160AC5AA03ED8B8 /* Pods_EnglishWordsTests.framework */ = {isa = PBXFileReference; explicitFileType = wrapper.framework; includeInIndex = 0; path = Pods_EnglishWordsTests.framework; sourceTree = BUILT_PRODUCTS_DIR; };
		F30B5B4A3CC493035348B1D9 /* Pods-EnglishWordsUITests.debug.xcconfig */ = {isa = PBXFileReference; includeInIndex = 1; lastKnownFileType = text.xcconfig; name = "Pods-EnglishWordsUITests.debug.xcconfig"; path = "Pods/Target Support Files/Pods-EnglishWordsUITests/Pods-EnglishWordsUITests.debug.xcconfig"; sourceTree = "<group>"; };
		FF6955C7F5B575D62D266CFD /* Pods_EnglishWords.framework */ = {isa = PBXFileReference; explicitFileType = wrapper.framework; includeInIndex = 0; path = Pods_EnglishWords.framework; sourceTree = BUILT_PRODUCTS_DIR; };
/* End PBXFileReference section */

/* Begin PBXFrameworksBuildPhase section */
		24F2B4E0214E7C29009AA57C /* Frameworks */ = {
			isa = PBXFrameworksBuildPhase;
			buildActionMask = 2147483647;
			files = (
				24A4573321EF7548002048A0 /* Realm.framework in Frameworks */,
				24A4573721EF7554002048A0 /* RealmSwift.framework in Frameworks */,
				E196CCCDBC078645AE9EF6F9 /* Pods_EnglishWords.framework in Frameworks */,
			);
			runOnlyForDeploymentPostprocessing = 0;
		};
		24F2B4F4214E7C2B009AA57C /* Frameworks */ = {
			isa = PBXFrameworksBuildPhase;
			buildActionMask = 2147483647;
			files = (
				823E7B5CFBCBEC8305CD326F /* Pods_EnglishWordsTests.framework in Frameworks */,
			);
			runOnlyForDeploymentPostprocessing = 0;
		};
		24F2B4FF214E7C2B009AA57C /* Frameworks */ = {
			isa = PBXFrameworksBuildPhase;
			buildActionMask = 2147483647;
			files = (
				08D417ED41AD976D27B0133B /* Pods_EnglishWordsUITests.framework in Frameworks */,
			);
			runOnlyForDeploymentPostprocessing = 0;
		};
/* End PBXFrameworksBuildPhase section */

/* Begin PBXGroup section */
		24F2B4DA214E7C29009AA57C = {
			isa = PBXGroup;
			children = (
				24A4573621EF7554002048A0 /* RealmSwift.framework */,
				24A4573221EF7548002048A0 /* Realm.framework */,
				24F2B4E5214E7C29009AA57C /* EnglishWords */,
				24F2B4FA214E7C2B009AA57C /* EnglishWordsTests */,
				24F2B505214E7C2B009AA57C /* EnglishWordsUITests */,
				24F2B4E4214E7C29009AA57C /* Products */,
				CE337065910AE43234F5D54F /* Pods */,
				AD2E415334F8824060C16617 /* Frameworks */,
			);
			sourceTree = "<group>";
		};
		24F2B4E4214E7C29009AA57C /* Products */ = {
			isa = PBXGroup;
			children = (
				24F2B4E3214E7C29009AA57C /* EnglishWords.app */,
				24F2B4F7214E7C2B009AA57C /* EnglishWordsTests.xctest */,
				24F2B502214E7C2B009AA57C /* EnglishWordsUITests.xctest */,
			);
			name = Products;
			sourceTree = "<group>";
		};
		24F2B4E5214E7C29009AA57C /* EnglishWords */ = {
			isa = PBXGroup;
			children = (
				24F2B4E6214E7C29009AA57C /* AppDelegate.swift */,
				24F2B4E8214E7C29009AA57C /* ViewController.swift */,
				24F2B4EA214E7C29009AA57C /* Main.storyboard */,
				24F2B4ED214E7C2B009AA57C /* Assets.xcassets */,
				24F2B4EF214E7C2B009AA57C /* LaunchScreen.storyboard */,
				24F2B4F2214E7C2B009AA57C /* Info.plist */,
				24A4572721EF6445002048A0 /* WordNoteBook.swift */,
				24A4573A21EF77CF002048A0 /* Word.swift */,
				24A4573C21F0BE94002048A0 /* WordData.swift */,
				24A4574021F0C148002048A0 /* WordNote.swift */,
				24A4574321F2D45A002048A0 /* AddWordNoteBookViewController.swift */,
				243D265621F8B5C5004719A3 /* ConfigureWordNoteBookViewController.swift */,
				243D265821FDF34D004719A3 /* AddPartsofSpeechViewController.swift */,
				243D265A21FF2D5B004719A3 /* PartsofSpeech.swift */,
				243D265C21FF375E004719A3 /* AddWordViewController.swift */,
				243D265E22007455004719A3 /* DictionaryViewController.swift */,
				243D26602206A605004719A3 /* ConfigureWordViewController.swift */,
				243D26622209D75A004719A3 /* ConfigureMeanViewController.swift */,
				243B0D162225788A0097B0FA /* AddWordFromWebViewController.swift */,
				24422F2D22354CC4005BF6CE /* Source.swift */,
				24422F2F22392CE4005BF6CE /* AddSourceViewController.swift */,
				249D791722831F1F003496CD /* SearchWordViewController.swift */,
				249D7919228853EA003496CD /* SearchResultViewController.swift */,
				249D791B228E22C2003496CD /* ConfigureTestOfWordNoteBookViewController.swift */,
				249D791D22903E28003496CD /* TestOfWordNoteBookViewController.swift */,
				24EA74A922CA330F00BFF56D /* OptionConfigureWordNoteViewController.swift */,
				244234CA22D393F10029EC10 /* FourOptionTestOfWordNoteViewController.swift */,
				2493D964235225D200651150 /* AlertAction.swift */,
			);
			path = EnglishWords;
			sourceTree = "<group>";
		};
		24F2B4FA214E7C2B009AA57C /* EnglishWordsTests */ = {
			isa = PBXGroup;
			children = (
				24F2B4FB214E7C2B009AA57C /* EnglishWordsTests.swift */,
				24F2B4FD214E7C2B009AA57C /* Info.plist */,
			);
			path = EnglishWordsTests;
			sourceTree = "<group>";
		};
		24F2B505214E7C2B009AA57C /* EnglishWordsUITests */ = {
			isa = PBXGroup;
			children = (
				24F2B506214E7C2B009AA57C /* EnglishWordsUITests.swift */,
				24F2B508214E7C2B009AA57C /* Info.plist */,
			);
			path = EnglishWordsUITests;
			sourceTree = "<group>";
		};
		AD2E415334F8824060C16617 /* Frameworks */ = {
			isa = PBXGroup;
			children = (
				FF6955C7F5B575D62D266CFD /* Pods_EnglishWords.framework */,
				EA974FA07160AC5AA03ED8B8 /* Pods_EnglishWordsTests.framework */,
				729C0DA009376C4EB7A27A7B /* Pods_EnglishWordsUITests.framework */,
			);
			name = Frameworks;
			sourceTree = "<group>";
		};
		CE337065910AE43234F5D54F /* Pods */ = {
			isa = PBXGroup;
			children = (
				7587EA93209069544F58032B /* Pods-EnglishWords.debug.xcconfig */,
				E059E0E2B09DEFB9EB97729B /* Pods-EnglishWords.release.xcconfig */,
				1B5169F914E65C70345504BD /* Pods-EnglishWordsTests.debug.xcconfig */,
				764B0292039C250B97AA6FF8 /* Pods-EnglishWordsTests.release.xcconfig */,
				F30B5B4A3CC493035348B1D9 /* Pods-EnglishWordsUITests.debug.xcconfig */,
				6DD3AC23FBE00A05BD6C4DDB /* Pods-EnglishWordsUITests.release.xcconfig */,
			);
			name = Pods;
			sourceTree = "<group>";
		};
/* End PBXGroup section */

/* Begin PBXNativeTarget section */
		24F2B4E2214E7C29009AA57C /* EnglishWords */ = {
			isa = PBXNativeTarget;
			buildConfigurationList = 24F2B50B214E7C2B009AA57C /* Build configuration list for PBXNativeTarget "EnglishWords" */;
			buildPhases = (
				889E20E1AC9E5ABD4DB85097 /* [CP] Check Pods Manifest.lock */,
				24F2B4DF214E7C29009AA57C /* Sources */,
				24F2B4E0214E7C29009AA57C /* Frameworks */,
				24F2B4E1214E7C29009AA57C /* Resources */,
				24A4573521EF7548002048A0 /* Embed Frameworks */,
				24A4574221F1F72B002048A0 /* ShellScript */,
				D2531AAF7A7251D4768C5018 /* [CP] Embed Pods Frameworks */,
			);
			buildRules = (
			);
			dependencies = (
			);
			name = EnglishWords;
			productName = EnglishWords;
			productReference = 24F2B4E3214E7C29009AA57C /* EnglishWords.app */;
			productType = "com.apple.product-type.application";
		};
		24F2B4F6214E7C2B009AA57C /* EnglishWordsTests */ = {
			isa = PBXNativeTarget;
			buildConfigurationList = 24F2B50E214E7C2B009AA57C /* Build configuration list for PBXNativeTarget "EnglishWordsTests" */;
			buildPhases = (
				A5D6797C76E55EA12E98370E /* [CP] Check Pods Manifest.lock */,
				24F2B4F3214E7C2B009AA57C /* Sources */,
				24F2B4F4214E7C2B009AA57C /* Frameworks */,
				24F2B4F5214E7C2B009AA57C /* Resources */,
			);
			buildRules = (
			);
			dependencies = (
				24F2B4F9214E7C2B009AA57C /* PBXTargetDependency */,
			);
			name = EnglishWordsTests;
			productName = EnglishWordsTests;
			productReference = 24F2B4F7214E7C2B009AA57C /* EnglishWordsTests.xctest */;
			productType = "com.apple.product-type.bundle.unit-test";
		};
		24F2B501214E7C2B009AA57C /* EnglishWordsUITests */ = {
			isa = PBXNativeTarget;
			buildConfigurationList = 24F2B511214E7C2B009AA57C /* Build configuration list for PBXNativeTarget "EnglishWordsUITests" */;
			buildPhases = (
				BFFB9BEAB95460E13494F705 /* [CP] Check Pods Manifest.lock */,
				24F2B4FE214E7C2B009AA57C /* Sources */,
				24F2B4FF214E7C2B009AA57C /* Frameworks */,
				24F2B500214E7C2B009AA57C /* Resources */,
			);
			buildRules = (
			);
			dependencies = (
				24F2B504214E7C2B009AA57C /* PBXTargetDependency */,
			);
			name = EnglishWordsUITests;
			productName = EnglishWordsUITests;
			productReference = 24F2B502214E7C2B009AA57C /* EnglishWordsUITests.xctest */;
			productType = "com.apple.product-type.bundle.ui-testing";
		};
/* End PBXNativeTarget section */

/* Begin PBXProject section */
		24F2B4DB214E7C29009AA57C /* Project object */ = {
			isa = PBXProject;
			attributes = {
				LastSwiftUpdateCheck = 0940;
				LastUpgradeCheck = 0940;
				ORGANIZATIONNAME = T.Wakasugi;
				TargetAttributes = {
					24F2B4E2214E7C29009AA57C = {
						CreatedOnToolsVersion = 9.4.1;
					};
					24F2B4F6214E7C2B009AA57C = {
						CreatedOnToolsVersion = 9.4.1;
						TestTargetID = 24F2B4E2214E7C29009AA57C;
					};
					24F2B501214E7C2B009AA57C = {
						CreatedOnToolsVersion = 9.4.1;
						TestTargetID = 24F2B4E2214E7C29009AA57C;
					};
				};
			};
			buildConfigurationList = 24F2B4DE214E7C29009AA57C /* Build configuration list for PBXProject "EnglishWords" */;
			compatibilityVersion = "Xcode 9.3";
			developmentRegion = en;
			hasScannedForEncodings = 0;
			knownRegions = (
				en,
				Base,
			);
			mainGroup = 24F2B4DA214E7C29009AA57C;
			productRefGroup = 24F2B4E4214E7C29009AA57C /* Products */;
			projectDirPath = "";
			projectRoot = "";
			targets = (
				24F2B4E2214E7C29009AA57C /* EnglishWords */,
				24F2B4F6214E7C2B009AA57C /* EnglishWordsTests */,
				24F2B501214E7C2B009AA57C /* EnglishWordsUITests */,
			);
		};
/* End PBXProject section */

/* Begin PBXResourcesBuildPhase section */
		24F2B4E1214E7C29009AA57C /* Resources */ = {
			isa = PBXResourcesBuildPhase;
			buildActionMask = 2147483647;
			files = (
				24F2B4F1214E7C2B009AA57C /* LaunchScreen.storyboard in Resources */,
				24F2B4EE214E7C2B009AA57C /* Assets.xcassets in Resources */,
				24F2B4EC214E7C29009AA57C /* Main.storyboard in Resources */,
			);
			runOnlyForDeploymentPostprocessing = 0;
		};
		24F2B4F5214E7C2B009AA57C /* Resources */ = {
			isa = PBXResourcesBuildPhase;
			buildActionMask = 2147483647;
			files = (
			);
			runOnlyForDeploymentPostprocessing = 0;
		};
		24F2B500214E7C2B009AA57C /* Resources */ = {
			isa = PBXResourcesBuildPhase;
			buildActionMask = 2147483647;
			files = (
			);
			runOnlyForDeploymentPostprocessing = 0;
		};
/* End PBXResourcesBuildPhase section */

/* Begin PBXShellScriptBuildPhase section */
		24A4574221F1F72B002048A0 /* ShellScript */ = {
			isa = PBXShellScriptBuildPhase;
			buildActionMask = 2147483647;
			files = (
			);
			inputFileListPaths = (
			);
			inputPaths = (
			);
			outputFileListPaths = (
			);
			outputPaths = (
			);
			runOnlyForDeploymentPostprocessing = 0;
			shellPath = /bin/sh;
			shellScript = "bash \"${BUILT_PRODUCTS_DIR}/${FRAMEWORKS_FOLDER_PATH}/Realm.framework/strip-frameworks.sh\"\n";
		};
		889E20E1AC9E5ABD4DB85097 /* [CP] Check Pods Manifest.lock */ = {
			isa = PBXShellScriptBuildPhase;
			buildActionMask = 2147483647;
			files = (
			);
			inputFileListPaths = (
			);
			inputPaths = (
				"${PODS_PODFILE_DIR_PATH}/Podfile.lock",
				"${PODS_ROOT}/Manifest.lock",
			);
			name = "[CP] Check Pods Manifest.lock";
			outputFileListPaths = (
			);
			outputPaths = (
				"$(DERIVED_FILE_DIR)/Pods-EnglishWords-checkManifestLockResult.txt",
			);
			runOnlyForDeploymentPostprocessing = 0;
			shellPath = /bin/sh;
			shellScript = "diff \"${PODS_PODFILE_DIR_PATH}/Podfile.lock\" \"${PODS_ROOT}/Manifest.lock\" > /dev/null\nif [ $? != 0 ] ; then\n    # print error to STDERR\n    echo \"error: The sandbox is not in sync with the Podfile.lock. Run 'pod install' or update your CocoaPods installation.\" >&2\n    exit 1\nfi\n# This output is used by Xcode 'outputs' to avoid re-running this script phase.\necho \"SUCCESS\" > \"${SCRIPT_OUTPUT_FILE_0}\"\n";
			showEnvVarsInLog = 0;
		};
		A5D6797C76E55EA12E98370E /* [CP] Check Pods Manifest.lock */ = {
			isa = PBXShellScriptBuildPhase;
			buildActionMask = 2147483647;
			files = (
			);
			inputFileListPaths = (
			);
			inputPaths = (
				"${PODS_PODFILE_DIR_PATH}/Podfile.lock",
				"${PODS_ROOT}/Manifest.lock",
			);
			name = "[CP] Check Pods Manifest.lock";
			outputFileListPaths = (
			);
			outputPaths = (
				"$(DERIVED_FILE_DIR)/Pods-EnglishWordsTests-checkManifestLockResult.txt",
			);
			runOnlyForDeploymentPostprocessing = 0;
			shellPath = /bin/sh;
			shellScript = "diff \"${PODS_PODFILE_DIR_PATH}/Podfile.lock\" \"${PODS_ROOT}/Manifest.lock\" > /dev/null\nif [ $? != 0 ] ; then\n    # print error to STDERR\n    echo \"error: The sandbox is not in sync with the Podfile.lock. Run 'pod install' or update your CocoaPods installation.\" >&2\n    exit 1\nfi\n# This output is used by Xcode 'outputs' to avoid re-running this script phase.\necho \"SUCCESS\" > \"${SCRIPT_OUTPUT_FILE_0}\"\n";
			showEnvVarsInLog = 0;
		};
		BFFB9BEAB95460E13494F705 /* [CP] Check Pods Manifest.lock */ = {
			isa = PBXShellScriptBuildPhase;
			buildActionMask = 2147483647;
			files = (
			);
			inputFileListPaths = (
			);
			inputPaths = (
				"${PODS_PODFILE_DIR_PATH}/Podfile.lock",
				"${PODS_ROOT}/Manifest.lock",
			);
			name = "[CP] Check Pods Manifest.lock";
			outputFileListPaths = (
			);
			outputPaths = (
				"$(DERIVED_FILE_DIR)/Pods-EnglishWordsUITests-checkManifestLockResult.txt",
			);
			runOnlyForDeploymentPostprocessing = 0;
			shellPath = /bin/sh;
			shellScript = "diff \"${PODS_PODFILE_DIR_PATH}/Podfile.lock\" \"${PODS_ROOT}/Manifest.lock\" > /dev/null\nif [ $? != 0 ] ; then\n    # print error to STDERR\n    echo \"error: The sandbox is not in sync with the Podfile.lock. Run 'pod install' or update your CocoaPods installation.\" >&2\n    exit 1\nfi\n# This output is used by Xcode 'outputs' to avoid re-running this script phase.\necho \"SUCCESS\" > \"${SCRIPT_OUTPUT_FILE_0}\"\n";
			showEnvVarsInLog = 0;
		};
		D2531AAF7A7251D4768C5018 /* [CP] Embed Pods Frameworks */ = {
			isa = PBXShellScriptBuildPhase;
			buildActionMask = 2147483647;
			files = (
			);
			inputFileListPaths = (
			);
			inputPaths = (
				"${SRCROOT}/Pods/Target Support Files/Pods-EnglishWords/Pods-EnglishWords-frameworks.sh",
				"${BUILT_PRODUCTS_DIR}/Alamofire/Alamofire.framework",
				"${BUILT_PRODUCTS_DIR}/Kanna/Kanna.framework",
			);
			name = "[CP] Embed Pods Frameworks";
			outputFileListPaths = (
			);
			outputPaths = (
				"${TARGET_BUILD_DIR}/${FRAMEWORKS_FOLDER_PATH}/Alamofire.framework",
				"${TARGET_BUILD_DIR}/${FRAMEWORKS_FOLDER_PATH}/Kanna.framework",
			);
			runOnlyForDeploymentPostprocessing = 0;
			shellPath = /bin/sh;
			shellScript = "\"${SRCROOT}/Pods/Target Support Files/Pods-EnglishWords/Pods-EnglishWords-frameworks.sh\"\n";
			showEnvVarsInLog = 0;
		};
/* End PBXShellScriptBuildPhase section */

/* Begin PBXSourcesBuildPhase section */
		24F2B4DF214E7C29009AA57C /* Sources */ = {
			isa = PBXSourcesBuildPhase;
			buildActionMask = 2147483647;
			files = (
				24EA74AA22CA330F00BFF56D /* OptionConfigureWordNoteViewController.swift in Sources */,
				243D265721F8B5C5004719A3 /* ConfigureWordNoteBookViewController.swift in Sources */,
				243D265B21FF2D5B004719A3 /* PartsofSpeech.swift in Sources */,
				243D265D21FF375E004719A3 /* AddWordViewController.swift in Sources */,
				24A4572821EF6445002048A0 /* WordNoteBook.swift in Sources */,
				249D791822831F1F003496CD /* SearchWordViewController.swift in Sources */,
				24A4574121F0C148002048A0 /* WordNote.swift in Sources */,
				243D26612206A605004719A3 /* ConfigureWordViewController.swift in Sources */,
				24A4574421F2D45A002048A0 /* AddWordNoteBookViewController.swift in Sources */,
				24A4573B21EF77CF002048A0 /* Word.swift in Sources */,
				24422F2E22354CC4005BF6CE /* Source.swift in Sources */,
				24422F3022392CE4005BF6CE /* AddSourceViewController.swift in Sources */,
				243D26632209D75A004719A3 /* ConfigureMeanViewController.swift in Sources */,
				243B0D172225788A0097B0FA /* AddWordFromWebViewController.swift in Sources */,
				244234CB22D393F10029EC10 /* FourOptionTestOfWordNoteViewController.swift in Sources */,
				249D791E22903E28003496CD /* TestOfWordNoteBookViewController.swift in Sources */,
				249D791C228E22C2003496CD /* ConfigureTestOfWordNoteBookViewController.swift in Sources */,
				243D265F22007455004719A3 /* DictionaryViewController.swift in Sources */,
				2493D965235225D200651150 /* AlertAction.swift in Sources */,
				243D265921FDF34D004719A3 /* AddPartsofSpeechViewController.swift in Sources */,
				24F2B4E9214E7C29009AA57C /* ViewController.swift in Sources */,
				24A4573D21F0BE94002048A0 /* WordData.swift in Sources */,
				249D791A228853EA003496CD /* SearchResultViewController.swift in Sources */,
				24F2B4E7214E7C29009AA57C /* AppDelegate.swift in Sources */,
			);
			runOnlyForDeploymentPostprocessing = 0;
		};
		24F2B4F3214E7C2B009AA57C /* Sources */ = {
			isa = PBXSourcesBuildPhase;
			buildActionMask = 2147483647;
			files = (
				24F2B4FC214E7C2B009AA57C /* EnglishWordsTests.swift in Sources */,
			);
			runOnlyForDeploymentPostprocessing = 0;
		};
		24F2B4FE214E7C2B009AA57C /* Sources */ = {
			isa = PBXSourcesBuildPhase;
			buildActionMask = 2147483647;
			files = (
				24F2B507214E7C2B009AA57C /* EnglishWordsUITests.swift in Sources */,
			);
			runOnlyForDeploymentPostprocessing = 0;
		};
/* End PBXSourcesBuildPhase section */

/* Begin PBXTargetDependency section */
		24F2B4F9214E7C2B009AA57C /* PBXTargetDependency */ = {
			isa = PBXTargetDependency;
			target = 24F2B4E2214E7C29009AA57C /* EnglishWords */;
			targetProxy = 24F2B4F8214E7C2B009AA57C /* PBXContainerItemProxy */;
		};
		24F2B504214E7C2B009AA57C /* PBXTargetDependency */ = {
			isa = PBXTargetDependency;
			target = 24F2B4E2214E7C29009AA57C /* EnglishWords */;
			targetProxy = 24F2B503214E7C2B009AA57C /* PBXContainerItemProxy */;
		};
/* End PBXTargetDependency section */

/* Begin PBXVariantGroup section */
		24F2B4EA214E7C29009AA57C /* Main.storyboard */ = {
			isa = PBXVariantGroup;
			children = (
				24F2B4EB214E7C29009AA57C /* Base */,
			);
			name = Main.storyboard;
			sourceTree = "<group>";
		};
		24F2B4EF214E7C2B009AA57C /* LaunchScreen.storyboard */ = {
			isa = PBXVariantGroup;
			children = (
				24F2B4F0214E7C2B009AA57C /* Base */,
			);
			name = LaunchScreen.storyboard;
			sourceTree = "<group>";
		};
/* End PBXVariantGroup section */

/* Begin XCBuildConfiguration section */
		24F2B509214E7C2B009AA57C /* Debug */ = {
			isa = XCBuildConfiguration;
			buildSettings = {
				ALWAYS_SEARCH_USER_PATHS = NO;
				CLANG_ANALYZER_NONNULL = YES;
				CLANG_ANALYZER_NUMBER_OBJECT_CONVERSION = YES_AGGRESSIVE;
				CLANG_CXX_LANGUAGE_STANDARD = "gnu++14";
				CLANG_CXX_LIBRARY = "libc++";
				CLANG_ENABLE_MODULES = YES;
				CLANG_ENABLE_OBJC_ARC = YES;
				CLANG_ENABLE_OBJC_WEAK = YES;
				CLANG_WARN_BLOCK_CAPTURE_AUTORELEASING = YES;
				CLANG_WARN_BOOL_CONVERSION = YES;
				CLANG_WARN_COMMA = YES;
				CLANG_WARN_CONSTANT_CONVERSION = YES;
				CLANG_WARN_DEPRECATED_OBJC_IMPLEMENTATIONS = YES;
				CLANG_WARN_DIRECT_OBJC_ISA_USAGE = YES_ERROR;
				CLANG_WARN_DOCUMENTATION_COMMENTS = YES;
				CLANG_WARN_EMPTY_BODY = YES;
				CLANG_WARN_ENUM_CONVERSION = YES;
				CLANG_WARN_INFINITE_RECURSION = YES;
				CLANG_WARN_INT_CONVERSION = YES;
				CLANG_WARN_NON_LITERAL_NULL_CONVERSION = YES;
				CLANG_WARN_OBJC_IMPLICIT_RETAIN_SELF = YES;
				CLANG_WARN_OBJC_LITERAL_CONVERSION = YES;
				CLANG_WARN_OBJC_ROOT_CLASS = YES_ERROR;
				CLANG_WARN_RANGE_LOOP_ANALYSIS = YES;
				CLANG_WARN_STRICT_PROTOTYPES = YES;
				CLANG_WARN_SUSPICIOUS_MOVE = YES;
				CLANG_WARN_UNGUARDED_AVAILABILITY = YES_AGGRESSIVE;
				CLANG_WARN_UNREACHABLE_CODE = YES;
				CLANG_WARN__DUPLICATE_METHOD_MATCH = YES;
				CODE_SIGN_IDENTITY = "iPhone Developer";
				CODE_SIGN_STYLE = Automatic;
				COPY_PHASE_STRIP = NO;
				DEBUG_INFORMATION_FORMAT = dwarf;
				ENABLE_STRICT_OBJC_MSGSEND = YES;
				ENABLE_TESTABILITY = YES;
				GCC_C_LANGUAGE_STANDARD = gnu11;
				GCC_DYNAMIC_NO_PIC = NO;
				GCC_NO_COMMON_BLOCKS = YES;
				GCC_OPTIMIZATION_LEVEL = 0;
				GCC_PREPROCESSOR_DEFINITIONS = (
					"DEBUG=1",
					"$(inherited)",
				);
				GCC_WARN_64_TO_32_BIT_CONVERSION = YES;
				GCC_WARN_ABOUT_RETURN_TYPE = YES_ERROR;
				GCC_WARN_UNDECLARED_SELECTOR = YES;
				GCC_WARN_UNINITIALIZED_AUTOS = YES_AGGRESSIVE;
				GCC_WARN_UNUSED_FUNCTION = YES;
				GCC_WARN_UNUSED_VARIABLE = YES;
				IPHONEOS_DEPLOYMENT_TARGET = 10.3;
				MTL_ENABLE_DEBUG_INFO = YES;
				ONLY_ACTIVE_ARCH = YES;
				SDKROOT = iphoneos;
				SWIFT_ACTIVE_COMPILATION_CONDITIONS = DEBUG;
				SWIFT_OPTIMIZATION_LEVEL = "-Onone";
			};
			name = Debug;
		};
		24F2B50A214E7C2B009AA57C /* Release */ = {
			isa = XCBuildConfiguration;
			buildSettings = {
				ALWAYS_SEARCH_USER_PATHS = NO;
				CLANG_ANALYZER_NONNULL = YES;
				CLANG_ANALYZER_NUMBER_OBJECT_CONVERSION = YES_AGGRESSIVE;
				CLANG_CXX_LANGUAGE_STANDARD = "gnu++14";
				CLANG_CXX_LIBRARY = "libc++";
				CLANG_ENABLE_MODULES = YES;
				CLANG_ENABLE_OBJC_ARC = YES;
				CLANG_ENABLE_OBJC_WEAK = YES;
				CLANG_WARN_BLOCK_CAPTURE_AUTORELEASING = YES;
				CLANG_WARN_BOOL_CONVERSION = YES;
				CLANG_WARN_COMMA = YES;
				CLANG_WARN_CONSTANT_CONVERSION = YES;
				CLANG_WARN_DEPRECATED_OBJC_IMPLEMENTATIONS = YES;
				CLANG_WARN_DIRECT_OBJC_ISA_USAGE = YES_ERROR;
				CLANG_WARN_DOCUMENTATION_COMMENTS = YES;
				CLANG_WARN_EMPTY_BODY = YES;
				CLANG_WARN_ENUM_CONVERSION = YES;
				CLANG_WARN_INFINITE_RECURSION = YES;
				CLANG_WARN_INT_CONVERSION = YES;
				CLANG_WARN_NON_LITERAL_NULL_CONVERSION = YES;
				CLANG_WARN_OBJC_IMPLICIT_RETAIN_SELF = YES;
				CLANG_WARN_OBJC_LITERAL_CONVERSION = YES;
				CLANG_WARN_OBJC_ROOT_CLASS = YES_ERROR;
				CLANG_WARN_RANGE_LOOP_ANALYSIS = YES;
				CLANG_WARN_STRICT_PROTOTYPES = YES;
				CLANG_WARN_SUSPICIOUS_MOVE = YES;
				CLANG_WARN_UNGUARDED_AVAILABILITY = YES_AGGRESSIVE;
				CLANG_WARN_UNREACHABLE_CODE = YES;
				CLANG_WARN__DUPLICATE_METHOD_MATCH = YES;
				CODE_SIGN_IDENTITY = "iPhone Developer";
				CODE_SIGN_STYLE = Automatic;
				COPY_PHASE_STRIP = NO;
				DEBUG_INFORMATION_FORMAT = "dwarf-with-dsym";
				ENABLE_NS_ASSERTIONS = NO;
				ENABLE_STRICT_OBJC_MSGSEND = YES;
				GCC_C_LANGUAGE_STANDARD = gnu11;
				GCC_NO_COMMON_BLOCKS = YES;
				GCC_WARN_64_TO_32_BIT_CONVERSION = YES;
				GCC_WARN_ABOUT_RETURN_TYPE = YES_ERROR;
				GCC_WARN_UNDECLARED_SELECTOR = YES;
				GCC_WARN_UNINITIALIZED_AUTOS = YES_AGGRESSIVE;
				GCC_WARN_UNUSED_FUNCTION = YES;
				GCC_WARN_UNUSED_VARIABLE = YES;
				IPHONEOS_DEPLOYMENT_TARGET = 10.3;
				MTL_ENABLE_DEBUG_INFO = NO;
				SDKROOT = iphoneos;
				SWIFT_COMPILATION_MODE = wholemodule;
				SWIFT_OPTIMIZATION_LEVEL = "-O";
				VALIDATE_PRODUCT = YES;
			};
			name = Release;
		};
		24F2B50C214E7C2B009AA57C /* Debug */ = {
			isa = XCBuildConfiguration;
			baseConfigurationReference = 7587EA93209069544F58032B /* Pods-EnglishWords.debug.xcconfig */;
			buildSettings = {
				ASSETCATALOG_COMPILER_APPICON_NAME = AppIcon;
				CODE_SIGN_IDENTITY = "iPhone Developer";
				CODE_SIGN_STYLE = Automatic;
				DEVELOPMENT_TEAM = YKWFL9RP4R;
				FRAMEWORK_SEARCH_PATHS = (
					"$(inherited)",
					"$(PROJECT_DIR)",
				);
				INFOPLIST_FILE = EnglishWords/Info.plist;
				IPHONEOS_DEPLOYMENT_TARGET = 10.3;
				LD_RUNPATH_SEARCH_PATHS = (
					"$(inherited)",
					"@executable_path/Frameworks",
				);
				PRODUCT_BUNDLE_IDENTIFIER = EWords.EnglishWords;
				PRODUCT_NAME = "$(TARGET_NAME)";
				PROVISIONING_PROFILE_SPECIFIER = "";
				SWIFT_VERSION = 4.0;
				TARGETED_DEVICE_FAMILY = "1,2";
			};
			name = Debug;
		};
		24F2B50D214E7C2B009AA57C /* Release */ = {
			isa = XCBuildConfiguration;
			baseConfigurationReference = E059E0E2B09DEFB9EB97729B /* Pods-EnglishWords.release.xcconfig */;
			buildSettings = {
				ASSETCATALOG_COMPILER_APPICON_NAME = AppIcon;
				CODE_SIGN_IDENTITY = "iPhone Developer";
				CODE_SIGN_STYLE = Automatic;
				DEVELOPMENT_TEAM = YKWFL9RP4R;
				FRAMEWORK_SEARCH_PATHS = (
					"$(inherited)",
					"$(PROJECT_DIR)",
				);
				INFOPLIST_FILE = EnglishWords/Info.plist;
				IPHONEOS_DEPLOYMENT_TARGET = 10.3;
				LD_RUNPATH_SEARCH_PATHS = (
					"$(inherited)",
					"@executable_path/Frameworks",
				);
				PRODUCT_BUNDLE_IDENTIFIER = EWords.EnglishWords;
				PRODUCT_NAME = "$(TARGET_NAME)";
				PROVISIONING_PROFILE_SPECIFIER = "";
				SWIFT_VERSION = 4.0;
				TARGETED_DEVICE_FAMILY = "1,2";
			};
			name = Release;
		};
		24F2B50F214E7C2B009AA57C /* Debug */ = {
			isa = XCBuildConfiguration;
			baseConfigurationReference = 1B5169F914E65C70345504BD /* Pods-EnglishWordsTests.debug.xcconfig */;
			buildSettings = {
				ALWAYS_EMBED_SWIFT_STANDARD_LIBRARIES = YES;
				BUNDLE_LOADER = "$(TEST_HOST)";
				CODE_SIGN_STYLE = Automatic;
				INFOPLIST_FILE = EnglishWordsTests/Info.plist;
				LD_RUNPATH_SEARCH_PATHS = (
					"$(inherited)",
					"@executable_path/Frameworks",
					"@loader_path/Frameworks",
				);
				PRODUCT_BUNDLE_IDENTIFIER = EWords.EnglishWordsTests;
				PRODUCT_NAME = "$(TARGET_NAME)";
				SWIFT_VERSION = 4.0;
				TARGETED_DEVICE_FAMILY = "1,2";
				TEST_HOST = "$(BUILT_PRODUCTS_DIR)/EnglishWords.app/EnglishWords";
			};
			name = Debug;
		};
		24F2B510214E7C2B009AA57C /* Release */ = {
			isa = XCBuildConfiguration;
			baseConfigurationReference = 764B0292039C250B97AA6FF8 /* Pods-EnglishWordsTests.release.xcconfig */;
			buildSettings = {
				ALWAYS_EMBED_SWIFT_STANDARD_LIBRARIES = YES;
				BUNDLE_LOADER = "$(TEST_HOST)";
				CODE_SIGN_STYLE = Automatic;
				INFOPLIST_FILE = EnglishWordsTests/Info.plist;
				LD_RUNPATH_SEARCH_PATHS = (
					"$(inherited)",
					"@executable_path/Frameworks",
					"@loader_path/Frameworks",
				);
				PRODUCT_BUNDLE_IDENTIFIER = EWords.EnglishWordsTests;
				PRODUCT_NAME = "$(TARGET_NAME)";
				SWIFT_VERSION = 4.0;
				TARGETED_DEVICE_FAMILY = "1,2";
				TEST_HOST = "$(BUILT_PRODUCTS_DIR)/EnglishWords.app/EnglishWords";
			};
			name = Release;
		};
		24F2B512214E7C2B009AA57C /* Debug */ = {
			isa = XCBuildConfiguration;
			baseConfigurationReference = F30B5B4A3CC493035348B1D9 /* Pods-EnglishWordsUITests.debug.xcconfig */;
			buildSettings = {
				ALWAYS_EMBED_SWIFT_STANDARD_LIBRARIES = YES;
				CODE_SIGN_STYLE = Automatic;
				INFOPLIST_FILE = EnglishWordsUITests/Info.plist;
				LD_RUNPATH_SEARCH_PATHS = (
					"$(inherited)",
					"@executable_path/Frameworks",
					"@loader_path/Frameworks",
				);
				PRODUCT_BUNDLE_IDENTIFIER = EWords.EnglishWordsUITests;
				PRODUCT_NAME = "$(TARGET_NAME)";
				SWIFT_VERSION = 4.0;
				TARGETED_DEVICE_FAMILY = "1,2";
				TEST_TARGET_NAME = EnglishWords;
			};
			name = Debug;
		};
		24F2B513214E7C2B009AA57C /* Release */ = {
			isa = XCBuildConfiguration;
			baseConfigurationReference = 6DD3AC23FBE00A05BD6C4DDB /* Pods-EnglishWordsUITests.release.xcconfig */;
			buildSettings = {
				ALWAYS_EMBED_SWIFT_STANDARD_LIBRARIES = YES;
				CODE_SIGN_STYLE = Automatic;
				INFOPLIST_FILE = EnglishWordsUITests/Info.plist;
				LD_RUNPATH_SEARCH_PATHS = (
					"$(inherited)",
					"@executable_path/Frameworks",
					"@loader_path/Frameworks",
				);
				PRODUCT_BUNDLE_IDENTIFIER = EWords.EnglishWordsUITests;
				PRODUCT_NAME = "$(TARGET_NAME)";
				SWIFT_VERSION = 4.0;
				TARGETED_DEVICE_FAMILY = "1,2";
				TEST_TARGET_NAME = EnglishWords;
			};
			name = Release;
		};
/* End XCBuildConfiguration section */

/* Begin XCConfigurationList section */
		24F2B4DE214E7C29009AA57C /* Build configuration list for PBXProject "EnglishWords" */ = {
			isa = XCConfigurationList;
			buildConfigurations = (
				24F2B509214E7C2B009AA57C /* Debug */,
				24F2B50A214E7C2B009AA57C /* Release */,
			);
			defaultConfigurationIsVisible = 0;
			defaultConfigurationName = Release;
		};
		24F2B50B214E7C2B009AA57C /* Build configuration list for PBXNativeTarget "EnglishWords" */ = {
			isa = XCConfigurationList;
			buildConfigurations = (
				24F2B50C214E7C2B009AA57C /* Debug */,
				24F2B50D214E7C2B009AA57C /* Release */,
			);
			defaultConfigurationIsVisible = 0;
			defaultConfigurationName = Release;
		};
		24F2B50E214E7C2B009AA57C /* Build configuration list for PBXNativeTarget "EnglishWordsTests" */ = {
			isa = XCConfigurationList;
			buildConfigurations = (
				24F2B50F214E7C2B009AA57C /* Debug */,
				24F2B510214E7C2B009AA57C /* Release */,
			);
			defaultConfigurationIsVisible = 0;
			defaultConfigurationName = Release;
		};
		24F2B511214E7C2B009AA57C /* Build configuration list for PBXNativeTarget "EnglishWordsUITests" */ = {
			isa = XCConfigurationList;
			buildConfigurations = (
				24F2B512214E7C2B009AA57C /* Debug */,
				24F2B513214E7C2B009AA57C /* Release */,
			);
			defaultConfigurationIsVisible = 0;
			defaultConfigurationName = Release;
		};
/* End XCConfigurationList section */
	};
	rootObject = 24F2B4DB214E7C29009AA57C /* Project object */;
}
